
Microsoft Visual Studio Solution File, Format Version 12.00
# Visual Studio Version 16
VisualStudioVersion = 16.0.30611.23
MinimumVisualStudioVersion = 10.0.40219.1
Project("{8BC9CEB8-8B4A-11D0-8D11-00A0C91BC942}") = "Lessson23PU111", "Lessson23PU111\Lessson23PU111.vcxproj", "{59A177BD-8AA4-4F2B-8939-157B8BCA215A}"
EndProject
Project("{8BC9CEB8-8B4A-11D0-8D11-00A0C91BC942}") = "Sample2", "Sample2\Sample2.vcxproj", "{DFAC4411-002D-4788-9334-DE5A19784662}"
EndProject
Global
	GlobalSection(SolutionConfigurationPlatforms) = preSolution
		Debug|x64 = Debug|x64
		Debug|x86 = Debug|x86
		Release|x64 = Release|x64
		Release|x86 = Release|x86
	EndGlobalSection
	GlobalSection(ProjectConfigurationPlatforms) = postSolution
		{59A177BD-8AA4-4F2B-8939-157B8BCA215A}.Debug|x64.ActiveCfg = Debug|x64
		{59A177BD-8AA4-4F2B-8939-157B8BCA215A}.Debug|x64.Build.0 = Debug|x64
		{59A177BD-8AA4-4F2B-8939-157B8BCA215A}.Debug|x86.ActiveCfg = Debug|Win32
		{59A177BD-8AA4-4F2B-8939-157B8BCA215A}.Debug|x86.Build.0 = Debug|Win32
		{59A177BD-8AA4-4F2B-8939-157B8BCA215A}.Release|x64.ActiveCfg = Release|x64
		{59A177BD-8AA4-4F2B-8939-157B8BCA215A}.Release|x64.Build.0 = Release|x64
		{59A177BD-8AA4-4F2B-8939-157B8BCA215A}.Release|x86.ActiveCfg = Release|Win32
		{59A177BD-8AA4-4F2B-8939-157B8BCA215A}.Release|x86.Build.0 = Release|Win32
		{DFAC4411-002D-4788-9334-DE5A19784662}.Debug|x64.ActiveCfg = Debug|x64
		{DFAC4411-002D-4788-9334-DE5A19784662}.Debug|x64.Build.0 = Debug|x64
		{DFAC4411-002D-4788-9334-DE5A19784662}.Debug|x86.ActiveCfg = Debug|Win32
		{DFAC4411-002D-4788-9334-DE5A19784662}.Debug|x86.Build.0 = Debug|Win32
		{DFAC4411-002D-4788-9334-DE5A19784662}.Release|x64.ActiveCfg = Release|x64
		{DFAC4411-002D-4788-9334-DE5A19784662}.Release|x64.Build.0 = Release|x64
		{DFAC4411-002D-4788-9334-DE5A19784662}.Release|x86.ActiveCfg = Release|Win32
		{DFAC4411-002D-4788-9334-DE5A19784662}.Release|x86.Build.0 = Release|Win32
	EndGlobalSection
	GlobalSection(SolutionProperties) = preSolution
		HideSolutionNode = FALSE
	EndGlobalSection
	GlobalSection(ExtensibilityGlobals) = postSolution
		SolutionGuid = {8057BF34-EF75-449B-ADBA-DB73CF6B7DBF}
	EndGlobalSection
EndGlobal
